
Microsoft Visual Studio Solution File, Format Version 12.00
# Visual Studio 14
VisualStudioVersion = 14.0.25420.1
MinimumVisualStudioVersion = 10.0.40219.1
Project("{FAE04EC0-301F-11D3-BF4B-00C04F79EFBC}") = "MiKeyboard", "MiKeyboard\MiKeyboard.csproj", "{508C8F67-E47B-44D9-A91E-20251861BF31}"
	ProjectSection(ProjectDependencies) = postProject
		{11FA5400-7B81-4933-9E15-25F414F90F38} = {11FA5400-7B81-4933-9E15-25F414F90F38}
		{B5502218-F1D4-4139-8F3B-DA28EA3F70CA} = {B5502218-F1D4-4139-8F3B-DA28EA3F70CA}
		{1E49E15F-7739-430F-B8F6-BB812C2D1FB7} = {1E49E15F-7739-430F-B8F6-BB812C2D1FB7}
	EndProjectSection
EndProject
Project("{FAE04EC0-301F-11D3-BF4B-00C04F79EFBC}") = "RainbowEffect", "..\RainbowEffect\RainbowEffect.csproj", "{B5502218-F1D4-4139-8F3B-DA28EA3F70CA}"
EndProject
Project("{FAE04EC0-301F-11D3-BF4B-00C04F79EFBC}") = "MiEffect", "..\MiEffect\MiEffect.csproj", "{1E49E15F-7739-430F-B8F6-BB812C2D1FB7}"
EndProject
Project("{FAE04EC0-301F-11D3-BF4B-00C04F79EFBC}") = "DesktopEffect", "..\DesktopEffect\DesktopEffect.csproj", "{11FA5400-7B81-4933-9E15-25F414F90F38}"
	ProjectSection(ProjectDependencies) = postProject
		{1E49E15F-7739-430F-B8F6-BB812C2D1FB7} = {1E49E15F-7739-430F-B8F6-BB812C2D1FB7}
	EndProjectSection
EndProject
Global
	GlobalSection(SolutionConfigurationPlatforms) = preSolution
		Debug|Any CPU = Debug|Any CPU
		Release|Any CPU = Release|Any CPU
	EndGlobalSection
	GlobalSection(ProjectConfigurationPlatforms) = postSolution
		{508C8F67-E47B-44D9-A91E-20251861BF31}.Debug|Any CPU.ActiveCfg = Debug|Any CPU
		{508C8F67-E47B-44D9-A91E-20251861BF31}.Debug|Any CPU.Build.0 = Debug|Any CPU
		{508C8F67-E47B-44D9-A91E-20251861BF31}.Release|Any CPU.ActiveCfg = Release|Any CPU
		{508C8F67-E47B-44D9-A91E-20251861BF31}.Release|Any CPU.Build.0 = Release|Any CPU
		{B5502218-F1D4-4139-8F3B-DA28EA3F70CA}.Debug|Any CPU.ActiveCfg = Debug|Any CPU
		{B5502218-F1D4-4139-8F3B-DA28EA3F70CA}.Debug|Any CPU.Build.0 = Debug|Any CPU
		{B5502218-F1D4-4139-8F3B-DA28EA3F70CA}.Release|Any CPU.ActiveCfg = Release|Any CPU
		{B5502218-F1D4-4139-8F3B-DA28EA3F70CA}.Release|Any CPU.Build.0 = Release|Any CPU
		{1E49E15F-7739-430F-B8F6-BB812C2D1FB7}.Debug|Any CPU.ActiveCfg = Debug|Any CPU
		{1E49E15F-7739-430F-B8F6-BB812C2D1FB7}.Debug|Any CPU.Build.0 = Debug|Any CPU
		{1E49E15F-7739-430F-B8F6-BB812C2D1FB7}.Release|Any CPU.ActiveCfg = Release|Any CPU
		{1E49E15F-7739-430F-B8F6-BB812C2D1FB7}.Release|Any CPU.Build.0 = Release|Any CPU
		{11FA5400-7B81-4933-9E15-25F414F90F38}.Debug|Any CPU.ActiveCfg = Debug|Any CPU
		{11FA5400-7B81-4933-9E15-25F414F90F38}.Debug|Any CPU.Build.0 = Debug|Any CPU
		{11FA5400-7B81-4933-9E15-25F414F90F38}.Release|Any CPU.ActiveCfg = Release|Any CPU
		{11FA5400-7B81-4933-9E15-25F414F90F38}.Release|Any CPU.Build.0 = Release|Any CPU
	EndGlobalSection
	GlobalSection(SolutionProperties) = preSolution
		HideSolutionNode = FALSE
	EndGlobalSection
EndGlobal
